
Microsoft Visual Studio Solution File, Format Version 12.00
# Visual Studio Version 17
VisualStudioVersion = 17.1.32328.378
MinimumVisualStudioVersion = 10.0.40219.1
Project("{FAE04EC0-301F-11D3-BF4B-00C04F79EFBC}") = "Moga_Stefan_Proiect.Android", "Moga_Stefan_Proiect.Android\Moga_Stefan_Proiect.Android.csproj", "{7B55069A-1B5C-44EA-B6A5-732E28ACA365}"
EndProject
Project("{9A19103F-16F7-4668-BE54-9A1E7A4F7556}") = "Moga_Stefan_Proiect", "Moga_Stefan_Proiect\Moga_Stefan_Proiect.csproj", "{91F60ADC-4352-45AE-91F6-0B1F2A88E77F}"
EndProject
Project("{9A19103F-16F7-4668-BE54-9A1E7A4F7556}") = "WebService", "WebService\WebService.csproj", "{9AFD0E88-28B3-47E9-8B15-60B471444247}"
EndProject
Project("{9A19103F-16F7-4668-BE54-9A1E7A4F7556}") = "RestaurantSiteComenzi", "RestaurantSiteComenzi\RestaurantSiteComenzi.csproj", "{96FE67F3-CABC-42AC-943A-1ED03499C044}"
EndProject
Global
	GlobalSection(SolutionConfigurationPlatforms) = preSolution
		Debug|Any CPU = Debug|Any CPU
		Release|Any CPU = Release|Any CPU
	EndGlobalSection
	GlobalSection(ProjectConfigurationPlatforms) = postSolution
		{7B55069A-1B5C-44EA-B6A5-732E28ACA365}.Debug|Any CPU.ActiveCfg = Debug|Any CPU
		{7B55069A-1B5C-44EA-B6A5-732E28ACA365}.Debug|Any CPU.Build.0 = Debug|Any CPU
		{7B55069A-1B5C-44EA-B6A5-732E28ACA365}.Debug|Any CPU.Deploy.0 = Debug|Any CPU
		{7B55069A-1B5C-44EA-B6A5-732E28ACA365}.Release|Any CPU.ActiveCfg = Release|Any CPU
		{7B55069A-1B5C-44EA-B6A5-732E28ACA365}.Release|Any CPU.Build.0 = Release|Any CPU
		{7B55069A-1B5C-44EA-B6A5-732E28ACA365}.Release|Any CPU.Deploy.0 = Release|Any CPU
		{91F60ADC-4352-45AE-91F6-0B1F2A88E77F}.Debug|Any CPU.ActiveCfg = Debug|Any CPU
		{91F60ADC-4352-45AE-91F6-0B1F2A88E77F}.Debug|Any CPU.Build.0 = Debug|Any CPU
		{91F60ADC-4352-45AE-91F6-0B1F2A88E77F}.Debug|Any CPU.Deploy.0 = Debug|Any CPU
		{91F60ADC-4352-45AE-91F6-0B1F2A88E77F}.Release|Any CPU.ActiveCfg = Release|Any CPU
		{91F60ADC-4352-45AE-91F6-0B1F2A88E77F}.Release|Any CPU.Build.0 = Release|Any CPU
		{91F60ADC-4352-45AE-91F6-0B1F2A88E77F}.Release|Any CPU.Deploy.0 = Release|Any CPU
		{9AFD0E88-28B3-47E9-8B15-60B471444247}.Debug|Any CPU.ActiveCfg = Debug|Any CPU
		{9AFD0E88-28B3-47E9-8B15-60B471444247}.Debug|Any CPU.Build.0 = Debug|Any CPU
		{9AFD0E88-28B3-47E9-8B15-60B471444247}.Release|Any CPU.ActiveCfg = Release|Any CPU
		{9AFD0E88-28B3-47E9-8B15-60B471444247}.Release|Any CPU.Build.0 = Release|Any CPU
		{96FE67F3-CABC-42AC-943A-1ED03499C044}.Debug|Any CPU.ActiveCfg = Debug|Any CPU
		{96FE67F3-CABC-42AC-943A-1ED03499C044}.Debug|Any CPU.Build.0 = Debug|Any CPU
		{96FE67F3-CABC-42AC-943A-1ED03499C044}.Release|Any CPU.ActiveCfg = Release|Any CPU
		{96FE67F3-CABC-42AC-943A-1ED03499C044}.Release|Any CPU.Build.0 = Release|Any CPU
	EndGlobalSection
	GlobalSection(SolutionProperties) = preSolution
		HideSolutionNode = FALSE
	EndGlobalSection
	GlobalSection(ExtensibilityGlobals) = postSolution
		SolutionGuid = {3C2B1F95-2EC7-4261-AFDD-F5FCEF9F9FD6}
	EndGlobalSection
EndGlobal
